// !$*UTF8*$!
{
	archiveVersion = 1;
	classes = {
	};
	objectVersion = 56;
	objects = {

/* Begin PBXBuildFile section */
		2C10447828F0C0E000519341 /* RoverCell.swift in Sources */ = {isa = PBXBuildFile; fileRef = 2C10447728F0C0E000519341 /* RoverCell.swift */; };
		2C10447E28F1EECA00519341 /* UIFont + ext.swift in Sources */ = {isa = PBXBuildFile; fileRef = 2C10447D28F1EECA00519341 /* UIFont + ext.swift */; };
		2C10448028F1EF0A00519341 /* Constants.swift in Sources */ = {isa = PBXBuildFile; fileRef = 2C10447F28F1EF0A00519341 /* Constants.swift */; };
		2C10448228F1EF4E00519341 /* UIColor + ext.swift in Sources */ = {isa = PBXBuildFile; fileRef = 2C10448128F1EF4E00519341 /* UIColor + ext.swift */; };
		2CAF9D2428F960F700ED9892 /* TopRoversView.swift in Sources */ = {isa = PBXBuildFile; fileRef = 2CAF9D2328F960F700ED9892 /* TopRoversView.swift */; };
		2CAF9D2928F9B06C00ED9892 /* Localization.swift in Sources */ = {isa = PBXBuildFile; fileRef = 2CAF9D2828F9B06C00ED9892 /* Localization.swift */; };
		2CAF9D2A28F9B1E200ED9892 /* Localizable.strings in Resources */ = {isa = PBXBuildFile; fileRef = 2CAF9D2C28F9B1E200ED9892 /* Localizable.strings */; };
		2CAF9D3128FAAD9300ED9892 /* Opportunity.plist in Resources */ = {isa = PBXBuildFile; fileRef = 2CAF9D3028FAAD9300ED9892 /* Opportunity.plist */; };
		2CAF9D3328FAB94500ED9892 /* Configurator.swift in Sources */ = {isa = PBXBuildFile; fileRef = 2CAF9D3228FAB94500ED9892 /* Configurator.swift */; };
		2CAF9D3728FADB2000ED9892 /* URLProvider.swift in Sources */ = {isa = PBXBuildFile; fileRef = 2CAF9D3628FADB2000ED9892 /* URLProvider.swift */; };
		2CAF9D3928FB1CA300ED9892 /* Spirit.plist in Resources */ = {isa = PBXBuildFile; fileRef = 2CAF9D3828FB1CA300ED9892 /* Spirit.plist */; };
		2CAF9D3B28FB1D0E00ED9892 /* Curiosity.plist in Resources */ = {isa = PBXBuildFile; fileRef = 2CAF9D3A28FB1D0E00ED9892 /* Curiosity.plist */; };
		2CDD169328F0878200910A32 /* AppDelegate.swift in Sources */ = {isa = PBXBuildFile; fileRef = 2CDD169228F0878200910A32 /* AppDelegate.swift */; };
		2CDD169528F0878200910A32 /* SceneDelegate.swift in Sources */ = {isa = PBXBuildFile; fileRef = 2CDD169428F0878200910A32 /* SceneDelegate.swift */; };
		2CDD169C28F0878300910A32 /* Assets.xcassets in Resources */ = {isa = PBXBuildFile; fileRef = 2CDD169B28F0878300910A32 /* Assets.xcassets */; };
		2CDD169F28F0878300910A32 /* LaunchScreen.storyboard in Resources */ = {isa = PBXBuildFile; fileRef = 2CDD169D28F0878300910A32 /* LaunchScreen.storyboard */; };
		2CDD16A728F087D400910A32 /* HomeController.swift in Sources */ = {isa = PBXBuildFile; fileRef = 2CDD16A628F087D400910A32 /* HomeController.swift */; };
		2CDD16A928F0A1F800910A32 /* HomeView.swift in Sources */ = {isa = PBXBuildFile; fileRef = 2CDD16A828F0A1F800910A32 /* HomeView.swift */; };
		2CDD16AB28F0A62E00910A32 /* HomeModel.swift in Sources */ = {isa = PBXBuildFile; fileRef = 2CDD16AA28F0A62E00910A32 /* HomeModel.swift */; };
		56831302EBD29B217F4BE322 /* Pods_nasa.framework in Frameworks */ = {isa = PBXBuildFile; fileRef = 6A5956F3CEE3437774D15D1C /* Pods_nasa.framework */; };
/* End PBXBuildFile section */

/* Begin PBXFileReference section */
		2C10447728F0C0E000519341 /* RoverCell.swift */ = {isa = PBXFileReference; lastKnownFileType = sourcecode.swift; path = RoverCell.swift; sourceTree = "<group>"; };
		2C10447D28F1EECA00519341 /* UIFont + ext.swift */ = {isa = PBXFileReference; lastKnownFileType = sourcecode.swift; path = "UIFont + ext.swift"; sourceTree = "<group>"; };
		2C10447F28F1EF0A00519341 /* Constants.swift */ = {isa = PBXFileReference; lastKnownFileType = sourcecode.swift; path = Constants.swift; sourceTree = "<group>"; };
		2C10448128F1EF4E00519341 /* UIColor + ext.swift */ = {isa = PBXFileReference; lastKnownFileType = sourcecode.swift; path = "UIColor + ext.swift"; sourceTree = "<group>"; };
		2CAF9D2328F960F700ED9892 /* TopRoversView.swift */ = {isa = PBXFileReference; lastKnownFileType = sourcecode.swift; path = TopRoversView.swift; sourceTree = "<group>"; };
		2CAF9D2828F9B06C00ED9892 /* Localization.swift */ = {isa = PBXFileReference; lastKnownFileType = sourcecode.swift; path = Localization.swift; sourceTree = "<group>"; };
		2CAF9D2B28F9B1E200ED9892 /* en */ = {isa = PBXFileReference; lastKnownFileType = text.plist.strings; name = en; path = en.lproj/Localizable.strings; sourceTree = "<group>"; };
		2CAF9D3028FAAD9300ED9892 /* Opportunity.plist */ = {isa = PBXFileReference; lastKnownFileType = text.plist.xml; path = Opportunity.plist; sourceTree = "<group>"; };
		2CAF9D3228FAB94500ED9892 /* Configurator.swift */ = {isa = PBXFileReference; lastKnownFileType = sourcecode.swift; path = Configurator.swift; sourceTree = "<group>"; };
		2CAF9D3628FADB2000ED9892 /* URLProvider.swift */ = {isa = PBXFileReference; lastKnownFileType = sourcecode.swift; path = URLProvider.swift; sourceTree = "<group>"; };
		2CAF9D3828FB1CA300ED9892 /* Spirit.plist */ = {isa = PBXFileReference; lastKnownFileType = text.plist.xml; path = Spirit.plist; sourceTree = "<group>"; };
		2CAF9D3A28FB1D0E00ED9892 /* Curiosity.plist */ = {isa = PBXFileReference; lastKnownFileType = text.plist.xml; path = Curiosity.plist; sourceTree = "<group>"; };
		2CDD168F28F0878200910A32 /* nasa.app */ = {isa = PBXFileReference; explicitFileType = wrapper.application; includeInIndex = 0; path = nasa.app; sourceTree = BUILT_PRODUCTS_DIR; };
		2CDD169228F0878200910A32 /* AppDelegate.swift */ = {isa = PBXFileReference; lastKnownFileType = sourcecode.swift; path = AppDelegate.swift; sourceTree = "<group>"; };
		2CDD169428F0878200910A32 /* SceneDelegate.swift */ = {isa = PBXFileReference; lastKnownFileType = sourcecode.swift; path = SceneDelegate.swift; sourceTree = "<group>"; };
		2CDD169B28F0878300910A32 /* Assets.xcassets */ = {isa = PBXFileReference; lastKnownFileType = folder.assetcatalog; path = Assets.xcassets; sourceTree = "<group>"; };
		2CDD169E28F0878300910A32 /* Base */ = {isa = PBXFileReference; lastKnownFileType = file.storyboard; name = Base; path = Base.lproj/LaunchScreen.storyboard; sourceTree = "<group>"; };
		2CDD16A028F0878300910A32 /* Info.plist */ = {isa = PBXFileReference; lastKnownFileType = text.plist.xml; path = Info.plist; sourceTree = "<group>"; };
		2CDD16A628F087D400910A32 /* HomeController.swift */ = {isa = PBXFileReference; lastKnownFileType = sourcecode.swift; path = HomeController.swift; sourceTree = "<group>"; };
		2CDD16A828F0A1F800910A32 /* HomeView.swift */ = {isa = PBXFileReference; lastKnownFileType = sourcecode.swift; path = HomeView.swift; sourceTree = "<group>"; };
		2CDD16AA28F0A62E00910A32 /* HomeModel.swift */ = {isa = PBXFileReference; lastKnownFileType = sourcecode.swift; path = HomeModel.swift; sourceTree = "<group>"; };
		6A5956F3CEE3437774D15D1C /* Pods_nasa.framework */ = {isa = PBXFileReference; explicitFileType = wrapper.framework; includeInIndex = 0; path = Pods_nasa.framework; sourceTree = BUILT_PRODUCTS_DIR; };
		86A013F25290C5BCC11AB76C /* Pods-nasa.release.xcconfig */ = {isa = PBXFileReference; includeInIndex = 1; lastKnownFileType = text.xcconfig; name = "Pods-nasa.release.xcconfig"; path = "Target Support Files/Pods-nasa/Pods-nasa.release.xcconfig"; sourceTree = "<group>"; };
		B236D0F2CCFDBF86733B5ADC /* Pods-nasa.debug.xcconfig */ = {isa = PBXFileReference; includeInIndex = 1; lastKnownFileType = text.xcconfig; name = "Pods-nasa.debug.xcconfig"; path = "Target Support Files/Pods-nasa/Pods-nasa.debug.xcconfig"; sourceTree = "<group>"; };
/* End PBXFileReference section */

/* Begin PBXFrameworksBuildPhase section */
		2CDD168C28F0878200910A32 /* Frameworks */ = {
			isa = PBXFrameworksBuildPhase;
			buildActionMask = 2147483647;
			files = (
				56831302EBD29B217F4BE322 /* Pods_nasa.framework in Frameworks */,
			);
			runOnlyForDeploymentPostprocessing = 0;
		};
/* End PBXFrameworksBuildPhase section */

/* Begin PBXGroup section */
		2C10447628F0C0C900519341 /* HomeView */ = {
			isa = PBXGroup;
			children = (
				2CDD16A828F0A1F800910A32 /* HomeView.swift */,
				2C10447728F0C0E000519341 /* RoverCell.swift */,
				2CAF9D2328F960F700ED9892 /* TopRoversView.swift */,
			);
			path = HomeView;
			sourceTree = "<group>";
		};
		2C10447C28F1ED5D00519341 /* Helpers */ = {
			isa = PBXGroup;
			children = (
				2C10447D28F1EECA00519341 /* UIFont + ext.swift */,
				2C10447F28F1EF0A00519341 /* Constants.swift */,
				2C10448128F1EF4E00519341 /* UIColor + ext.swift */,
				2CAF9D3228FAB94500ED9892 /* Configurator.swift */,
				2CAF9D3628FADB2000ED9892 /* URLProvider.swift */,
			);
			path = Helpers;
			sourceTree = "<group>";
		};
		2C10448328F1F89700519341 /* Application */ = {
			isa = PBXGroup;
			children = (
				2CDD169228F0878200910A32 /* AppDelegate.swift */,
				2CDD169428F0878200910A32 /* SceneDelegate.swift */,
			);
			path = Application;
			sourceTree = "<group>";
		};
		2C10448628F2F13100519341 /* SupportingFiles */ = {
			isa = PBXGroup;
			children = (
				2CDD169B28F0878300910A32 /* Assets.xcassets */,
				2CDD169D28F0878300910A32 /* LaunchScreen.storyboard */,
				2CDD16A028F0878300910A32 /* Info.plist */,
			);
			path = SupportingFiles;
			sourceTree = "<group>";
		};
		2CAF9D2528F9AFF900ED9892 /* Localization */ = {
			isa = PBXGroup;
			children = (
				2CAF9D2C28F9B1E200ED9892 /* Localizable.strings */,
				2CAF9D2828F9B06C00ED9892 /* Localization.swift */,
			);
			path = Localization;
			sourceTree = "<group>";
		};
		2CAF9D2D28FAAC2B00ED9892 /* Config */ = {
			isa = PBXGroup;
			children = (
				2CAF9D3028FAAD9300ED9892 /* Opportunity.plist */,
				2CAF9D3828FB1CA300ED9892 /* Spirit.plist */,
				2CAF9D3A28FB1D0E00ED9892 /* Curiosity.plist */,
			);
			path = Config;
			sourceTree = "<group>";
		};
		2CDD168628F0878200910A32 = {
			isa = PBXGroup;
			children = (
				2CDD169128F0878200910A32 /* nasa */,
				2CDD169028F0878200910A32 /* Products */,
				C8D6CBAEC204E131C54D4FB0 /* Pods */,
				74E792A021BE62B188152A94 /* Frameworks */,
			);
			sourceTree = "<group>";
		};
		2CDD169028F0878200910A32 /* Products */ = {
			isa = PBXGroup;
			children = (
				2CDD168F28F0878200910A32 /* nasa.app */,
			);
			name = Products;
			sourceTree = "<group>";
		};
		2CDD169128F0878200910A32 /* nasa */ = {
			isa = PBXGroup;
			children = (
				2CAF9D2D28FAAC2B00ED9892 /* Config */,
				2CAF9D2528F9AFF900ED9892 /* Localization */,
				2C10448628F2F13100519341 /* SupportingFiles */,
				2C10448328F1F89700519341 /* Application */,
				2C10447C28F1ED5D00519341 /* Helpers */,
				2CDD16AC28F0A6C600910A32 /* Home */,
			);
			path = nasa;
			sourceTree = "<group>";
		};
		2CDD16AC28F0A6C600910A32 /* Home */ = {
			isa = PBXGroup;
			children = (
				2C10447628F0C0C900519341 /* HomeView */,
				2CDD16AA28F0A62E00910A32 /* HomeModel.swift */,
				2CDD16A628F087D400910A32 /* HomeController.swift */,
			);
			path = Home;
			sourceTree = "<group>";
		};
		74E792A021BE62B188152A94 /* Frameworks */ = {
			isa = PBXGroup;
			children = (
				6A5956F3CEE3437774D15D1C /* Pods_nasa.framework */,
			);
			name = Frameworks;
			sourceTree = "<group>";
		};
		C8D6CBAEC204E131C54D4FB0 /* Pods */ = {
			isa = PBXGroup;
			children = (
				B236D0F2CCFDBF86733B5ADC /* Pods-nasa.debug.xcconfig */,
				86A013F25290C5BCC11AB76C /* Pods-nasa.release.xcconfig */,
			);
			path = Pods;
			sourceTree = "<group>";
		};
/* End PBXGroup section */

/* Begin PBXNativeTarget section */
		2CDD168E28F0878200910A32 /* nasa */ = {
			isa = PBXNativeTarget;
			buildConfigurationList = 2CDD16A328F0878300910A32 /* Build configuration list for PBXNativeTarget "nasa" */;
			buildPhases = (
				0677A0FBF52396AE47E16D3E /* [CP] Check Pods Manifest.lock */,
				2CDD168B28F0878200910A32 /* Sources */,
				2CDD168C28F0878200910A32 /* Frameworks */,
				2CDD168D28F0878200910A32 /* Resources */,
				A0FB5E3BBF11B3321E306533 /* [CP] Embed Pods Frameworks */,
			);
			buildRules = (
			);
			dependencies = (
			);
			name = nasa;
			productName = nasa;
			productReference = 2CDD168F28F0878200910A32 /* nasa.app */;
			productType = "com.apple.product-type.application";
		};
/* End PBXNativeTarget section */

/* Begin PBXProject section */
		2CDD168728F0878200910A32 /* Project object */ = {
			isa = PBXProject;
			attributes = {
				BuildIndependentTargetsInParallel = 1;
				LastSwiftUpdateCheck = 1400;
				LastUpgradeCheck = 1400;
				TargetAttributes = {
					2CDD168E28F0878200910A32 = {
						CreatedOnToolsVersion = 14.0.1;
					};
				};
			};
			buildConfigurationList = 2CDD168A28F0878200910A32 /* Build configuration list for PBXProject "nasa" */;
			compatibilityVersion = "Xcode 14.0";
			developmentRegion = en;
			hasScannedForEncodings = 0;
			knownRegions = (
				en,
				Base,
			);
			mainGroup = 2CDD168628F0878200910A32;
			productRefGroup = 2CDD169028F0878200910A32 /* Products */;
			projectDirPath = "";
			projectRoot = "";
			targets = (
				2CDD168E28F0878200910A32 /* nasa */,
			);
		};
/* End PBXProject section */

/* Begin PBXResourcesBuildPhase section */
		2CDD168D28F0878200910A32 /* Resources */ = {
			isa = PBXResourcesBuildPhase;
			buildActionMask = 2147483647;
			files = (
				2CAF9D3928FB1CA300ED9892 /* Spirit.plist in Resources */,
				2CDD169F28F0878300910A32 /* LaunchScreen.storyboard in Resources */,
				2CAF9D3B28FB1D0E00ED9892 /* Curiosity.plist in Resources */,
				2CAF9D3128FAAD9300ED9892 /* Opportunity.plist in Resources */,
				2CAF9D2A28F9B1E200ED9892 /* Localizable.strings in Resources */,
				2CDD169C28F0878300910A32 /* Assets.xcassets in Resources */,
			);
			runOnlyForDeploymentPostprocessing = 0;
		};
/* End PBXResourcesBuildPhase section */

/* Begin PBXShellScriptBuildPhase section */
		0677A0FBF52396AE47E16D3E /* [CP] Check Pods Manifest.lock */ = {
			isa = PBXShellScriptBuildPhase;
			buildActionMask = 2147483647;
			files = (
			);
			inputFileListPaths = (
			);
			inputPaths = (
				"${PODS_PODFILE_DIR_PATH}/Podfile.lock",
				"${PODS_ROOT}/Manifest.lock",
			);
			name = "[CP] Check Pods Manifest.lock";
			outputFileListPaths = (
			);
			outputPaths = (
				"$(DERIVED_FILE_DIR)/Pods-nasa-checkManifestLockResult.txt",
			);
			runOnlyForDeploymentPostprocessing = 0;
			shellPath = /bin/sh;
			shellScript = "diff \"${PODS_PODFILE_DIR_PATH}/Podfile.lock\" \"${PODS_ROOT}/Manifest.lock\" > /dev/null\nif [ $? != 0 ] ; then\n    # print error to STDERR\n    echo \"error: The sandbox is not in sync with the Podfile.lock. Run 'pod install' or update your CocoaPods installation.\" >&2\n    exit 1\nfi\n# This output is used by Xcode 'outputs' to avoid re-running this script phase.\necho \"SUCCESS\" > \"${SCRIPT_OUTPUT_FILE_0}\"\n";
			showEnvVarsInLog = 0;
		};
		A0FB5E3BBF11B3321E306533 /* [CP] Embed Pods Frameworks */ = {
			isa = PBXShellScriptBuildPhase;
			buildActionMask = 2147483647;
			files = (
			);
			inputFileListPaths = (
				"${PODS_ROOT}/Target Support Files/Pods-nasa/Pods-nasa-frameworks-${CONFIGURATION}-input-files.xcfilelist",
			);
			name = "[CP] Embed Pods Frameworks";
			outputFileListPaths = (
				"${PODS_ROOT}/Target Support Files/Pods-nasa/Pods-nasa-frameworks-${CONFIGURATION}-output-files.xcfilelist",
			);
			runOnlyForDeploymentPostprocessing = 0;
			shellPath = /bin/sh;
			shellScript = "\"${PODS_ROOT}/Target Support Files/Pods-nasa/Pods-nasa-frameworks.sh\"\n";
			showEnvVarsInLog = 0;
		};
/* End PBXShellScriptBuildPhase section */

/* Begin PBXSourcesBuildPhase section */
		2CDD168B28F0878200910A32 /* Sources */ = {
			isa = PBXSourcesBuildPhase;
			buildActionMask = 2147483647;
			files = (
				2CDD16A728F087D400910A32 /* HomeController.swift in Sources */,
				2CAF9D2928F9B06C00ED9892 /* Localization.swift in Sources */,
				2CAF9D2428F960F700ED9892 /* TopRoversView.swift in Sources */,
				2CDD16AB28F0A62E00910A32 /* HomeModel.swift in Sources */,
				2CAF9D3728FADB2000ED9892 /* URLProvider.swift in Sources */,
				2CAF9D3328FAB94500ED9892 /* Configurator.swift in Sources */,
				2C10447828F0C0E000519341 /* RoverCell.swift in Sources */,
				2CDD169328F0878200910A32 /* AppDelegate.swift in Sources */,
				2CDD16A928F0A1F800910A32 /* HomeView.swift in Sources */,
				2C10447E28F1EECA00519341 /* UIFont + ext.swift in Sources */,
				2C10448228F1EF4E00519341 /* UIColor + ext.swift in Sources */,
				2CDD169528F0878200910A32 /* SceneDelegate.swift in Sources */,
				2C10448028F1EF0A00519341 /* Constants.swift in Sources */,
			);
			runOnlyForDeploymentPostprocessing = 0;
		};
/* End PBXSourcesBuildPhase section */

/* Begin PBXVariantGroup section */
		2CAF9D2C28F9B1E200ED9892 /* Localizable.strings */ = {
			isa = PBXVariantGroup;
			children = (
				2CAF9D2B28F9B1E200ED9892 /* en */,
			);
			name = Localizable.strings;
			sourceTree = "<group>";
		};
		2CDD169D28F0878300910A32 /* LaunchScreen.storyboard */ = {
			isa = PBXVariantGroup;
			children = (
				2CDD169E28F0878300910A32 /* Base */,
			);
			name = LaunchScreen.storyboard;
			sourceTree = "<group>";
		};
/* End PBXVariantGroup section */

/* Begin XCBuildConfiguration section */
		2CDD16A128F0878300910A32 /* Debug */ = {
			isa = XCBuildConfiguration;
			buildSettings = {
				ALWAYS_SEARCH_USER_PATHS = NO;
				CLANG_ANALYZER_NONNULL = YES;
				CLANG_ANALYZER_NUMBER_OBJECT_CONVERSION = YES_AGGRESSIVE;
				CLANG_CXX_LANGUAGE_STANDARD = "gnu++20";
				CLANG_ENABLE_MODULES = YES;
				CLANG_ENABLE_OBJC_ARC = YES;
				CLANG_ENABLE_OBJC_WEAK = YES;
				CLANG_WARN_BLOCK_CAPTURE_AUTORELEASING = YES;
				CLANG_WARN_BOOL_CONVERSION = YES;
				CLANG_WARN_COMMA = YES;
				CLANG_WARN_CONSTANT_CONVERSION = YES;
				CLANG_WARN_DEPRECATED_OBJC_IMPLEMENTATIONS = YES;
				CLANG_WARN_DIRECT_OBJC_ISA_USAGE = YES_ERROR;
				CLANG_WARN_DOCUMENTATION_COMMENTS = YES;
				CLANG_WARN_EMPTY_BODY = YES;
				CLANG_WARN_ENUM_CONVERSION = YES;
				CLANG_WARN_INFINITE_RECURSION = YES;
				CLANG_WARN_INT_CONVERSION = YES;
				CLANG_WARN_NON_LITERAL_NULL_CONVERSION = YES;
				CLANG_WARN_OBJC_IMPLICIT_RETAIN_SELF = YES;
				CLANG_WARN_OBJC_LITERAL_CONVERSION = YES;
				CLANG_WARN_OBJC_ROOT_CLASS = YES_ERROR;
				CLANG_WARN_QUOTED_INCLUDE_IN_FRAMEWORK_HEADER = YES;
				CLANG_WARN_RANGE_LOOP_ANALYSIS = YES;
				CLANG_WARN_STRICT_PROTOTYPES = YES;
				CLANG_WARN_SUSPICIOUS_MOVE = YES;
				CLANG_WARN_UNGUARDED_AVAILABILITY = YES_AGGRESSIVE;
				CLANG_WARN_UNREACHABLE_CODE = YES;
				CLANG_WARN__DUPLICATE_METHOD_MATCH = YES;
				COPY_PHASE_STRIP = NO;
				DEBUG_INFORMATION_FORMAT = dwarf;
				ENABLE_STRICT_OBJC_MSGSEND = YES;
				ENABLE_TESTABILITY = YES;
				GCC_C_LANGUAGE_STANDARD = gnu11;
				GCC_DYNAMIC_NO_PIC = NO;
				GCC_NO_COMMON_BLOCKS = YES;
				GCC_OPTIMIZATION_LEVEL = 0;
				GCC_PREPROCESSOR_DEFINITIONS = (
					"DEBUG=1",
					"$(inherited)",
				);
				GCC_WARN_64_TO_32_BIT_CONVERSION = YES;
				GCC_WARN_ABOUT_RETURN_TYPE = YES_ERROR;
				GCC_WARN_UNDECLARED_SELECTOR = YES;
				GCC_WARN_UNINITIALIZED_AUTOS = YES_AGGRESSIVE;
				GCC_WARN_UNUSED_FUNCTION = YES;
				GCC_WARN_UNUSED_VARIABLE = YES;
				IPHONEOS_DEPLOYMENT_TARGET = 16.0;
				MTL_ENABLE_DEBUG_INFO = INCLUDE_SOURCE;
				MTL_FAST_MATH = YES;
				ONLY_ACTIVE_ARCH = YES;
				SDKROOT = iphoneos;
				SWIFT_ACTIVE_COMPILATION_CONDITIONS = DEBUG;
				SWIFT_OPTIMIZATION_LEVEL = "-Onone";
			};
			name = Debug;
		};
		2CDD16A228F0878300910A32 /* Release */ = {
			isa = XCBuildConfiguration;
			buildSettings = {
				ALWAYS_SEARCH_USER_PATHS = NO;
				CLANG_ANALYZER_NONNULL = YES;
				CLANG_ANALYZER_NUMBER_OBJECT_CONVERSION = YES_AGGRESSIVE;
				CLANG_CXX_LANGUAGE_STANDARD = "gnu++20";
				CLANG_ENABLE_MODULES = YES;
				CLANG_ENABLE_OBJC_ARC = YES;
				CLANG_ENABLE_OBJC_WEAK = YES;
				CLANG_WARN_BLOCK_CAPTURE_AUTORELEASING = YES;
				CLANG_WARN_BOOL_CONVERSION = YES;
				CLANG_WARN_COMMA = YES;
				CLANG_WARN_CONSTANT_CONVERSION = YES;
				CLANG_WARN_DEPRECATED_OBJC_IMPLEMENTATIONS = YES;
				CLANG_WARN_DIRECT_OBJC_ISA_USAGE = YES_ERROR;
				CLANG_WARN_DOCUMENTATION_COMMENTS = YES;
				CLANG_WARN_EMPTY_BODY = YES;
				CLANG_WARN_ENUM_CONVERSION = YES;
				CLANG_WARN_INFINITE_RECURSION = YES;
				CLANG_WARN_INT_CONVERSION = YES;
				CLANG_WARN_NON_LITERAL_NULL_CONVERSION = YES;
				CLANG_WARN_OBJC_IMPLICIT_RETAIN_SELF = YES;
				CLANG_WARN_OBJC_LITERAL_CONVERSION = YES;
				CLANG_WARN_OBJC_ROOT_CLASS = YES_ERROR;
				CLANG_WARN_QUOTED_INCLUDE_IN_FRAMEWORK_HEADER = YES;
				CLANG_WARN_RANGE_LOOP_ANALYSIS = YES;
				CLANG_WARN_STRICT_PROTOTYPES = YES;
				CLANG_WARN_SUSPICIOUS_MOVE = YES;
				CLANG_WARN_UNGUARDED_AVAILABILITY = YES_AGGRESSIVE;
				CLANG_WARN_UNREACHABLE_CODE = YES;
				CLANG_WARN__DUPLICATE_METHOD_MATCH = YES;
				COPY_PHASE_STRIP = NO;
				DEBUG_INFORMATION_FORMAT = "dwarf-with-dsym";
				ENABLE_NS_ASSERTIONS = NO;
				ENABLE_STRICT_OBJC_MSGSEND = YES;
				GCC_C_LANGUAGE_STANDARD = gnu11;
				GCC_NO_COMMON_BLOCKS = YES;
				GCC_WARN_64_TO_32_BIT_CONVERSION = YES;
				GCC_WARN_ABOUT_RETURN_TYPE = YES_ERROR;
				GCC_WARN_UNDECLARED_SELECTOR = YES;
				GCC_WARN_UNINITIALIZED_AUTOS = YES_AGGRESSIVE;
				GCC_WARN_UNUSED_FUNCTION = YES;
				GCC_WARN_UNUSED_VARIABLE = YES;
				IPHONEOS_DEPLOYMENT_TARGET = 16.0;
				MTL_ENABLE_DEBUG_INFO = NO;
				MTL_FAST_MATH = YES;
				SDKROOT = iphoneos;
				SWIFT_COMPILATION_MODE = wholemodule;
				SWIFT_OPTIMIZATION_LEVEL = "-O";
				VALIDATE_PRODUCT = YES;
			};
			name = Release;
		};
		2CDD16A428F0878300910A32 /* Debug */ = {
			isa = XCBuildConfiguration;
			baseConfigurationReference = B236D0F2CCFDBF86733B5ADC /* Pods-nasa.debug.xcconfig */;
			buildSettings = {
				ASSETCATALOG_COMPILER_APPICON_NAME = AppIcon;
				ASSETCATALOG_COMPILER_GLOBAL_ACCENT_COLOR_NAME = AccentColor;
				CODE_SIGN_STYLE = Automatic;
				CURRENT_PROJECT_VERSION = 1;
				DEVELOPMENT_TEAM = 6PDU8D65F2;
				GENERATE_INFOPLIST_FILE = YES;
				INFOPLIST_FILE = nasa/SupportingFiles/Info.plist;
				INFOPLIST_KEY_UIApplicationSupportsIndirectInputEvents = YES;
				INFOPLIST_KEY_UILaunchStoryboardName = LaunchScreen.storyboard;
				INFOPLIST_KEY_UIStatusBarStyle = "";
				INFOPLIST_KEY_UISupportedInterfaceOrientations = UIInterfaceOrientationPortrait;
				LD_RUNPATH_SEARCH_PATHS = (
					"$(inherited)",
					"@executable_path/Frameworks",
				);
				MARKETING_VERSION = 1.0;
				PRODUCT_BUNDLE_IDENTIFIER = danil.nasa;
				PRODUCT_NAME = "$(TARGET_NAME)";
				SUPPORTED_PLATFORMS = "iphoneos iphonesimulator";
				SUPPORTS_MACCATALYST = NO;
				SUPPORTS_MAC_DESIGNED_FOR_IPHONE_IPAD = NO;
				SWIFT_EMIT_LOC_STRINGS = YES;
				SWIFT_VERSION = 5.0;
				TARGETED_DEVICE_FAMILY = 1;
			};
			name = Debug;
		};
		2CDD16A528F0878300910A32 /* Release */ = {
			isa = XCBuildConfiguration;
			baseConfigurationReference = 86A013F25290C5BCC11AB76C /* Pods-nasa.release.xcconfig */;
			buildSettings = {
				ASSETCATALOG_COMPILER_APPICON_NAME = AppIcon;
				ASSETCATALOG_COMPILER_GLOBAL_ACCENT_COLOR_NAME = AccentColor;
				CODE_SIGN_STYLE = Automatic;
				CURRENT_PROJECT_VERSION = 1;
				DEVELOPMENT_TEAM = 6PDU8D65F2;
				GENERATE_INFOPLIST_FILE = YES;
				INFOPLIST_FILE = nasa/SupportingFiles/Info.plist;
				INFOPLIST_KEY_UIApplicationSupportsIndirectInputEvents = YES;
				INFOPLIST_KEY_UILaunchStoryboardName = LaunchScreen.storyboard;
				INFOPLIST_KEY_UIStatusBarStyle = "";
				INFOPLIST_KEY_UISupportedInterfaceOrientations = UIInterfaceOrientationPortrait;
				LD_RUNPATH_SEARCH_PATHS = (
					"$(inherited)",
					"@executable_path/Frameworks",
				);
				MARKETING_VERSION = 1.0;
				PRODUCT_BUNDLE_IDENTIFIER = danil.nasa;
				PRODUCT_NAME = "$(TARGET_NAME)";
				SUPPORTED_PLATFORMS = "iphoneos iphonesimulator";
				SUPPORTS_MACCATALYST = NO;
				SUPPORTS_MAC_DESIGNED_FOR_IPHONE_IPAD = NO;
				SWIFT_EMIT_LOC_STRINGS = YES;
				SWIFT_VERSION = 5.0;
				TARGETED_DEVICE_FAMILY = 1;
			};
			name = Release;
		};
/* End XCBuildConfiguration section */

/* Begin XCConfigurationList section */
		2CDD168A28F0878200910A32 /* Build configuration list for PBXProject "nasa" */ = {
			isa = XCConfigurationList;
			buildConfigurations = (
				2CDD16A128F0878300910A32 /* Debug */,
				2CDD16A228F0878300910A32 /* Release */,
			);
			defaultConfigurationIsVisible = 0;
			defaultConfigurationName = Release;
		};
		2CDD16A328F0878300910A32 /* Build configuration list for PBXNativeTarget "nasa" */ = {
			isa = XCConfigurationList;
			buildConfigurations = (
				2CDD16A428F0878300910A32 /* Debug */,
				2CDD16A528F0878300910A32 /* Release */,
			);
			defaultConfigurationIsVisible = 0;
			defaultConfigurationName = Release;
		};
/* End XCConfigurationList section */
	};
	rootObject = 2CDD168728F0878200910A32 /* Project object */;
}
